// !$*UTF8*$!
{
	archiveVersion = 1;
	classes = {
	};
	objectVersion = 50;
	objects = {

/* Begin PBXBuildFile section */
		704B7FF324C024A3008D8ECC /* AppDelegate.swift in Sources */ = {isa = PBXBuildFile; fileRef = 704B7FF224C024A3008D8ECC /* AppDelegate.swift */; };
		704B7FF524C024A3008D8ECC /* SceneDelegate.swift in Sources */ = {isa = PBXBuildFile; fileRef = 704B7FF424C024A3008D8ECC /* SceneDelegate.swift */; };
		704B7FF724C024A3008D8ECC /* ViewController.swift in Sources */ = {isa = PBXBuildFile; fileRef = 704B7FF624C024A3008D8ECC /* ViewController.swift */; };
		704B7FFA24C024A3008D8ECC /* Main.storyboard in Resources */ = {isa = PBXBuildFile; fileRef = 704B7FF824C024A3008D8ECC /* Main.storyboard */; };
		704B7FFC24C024A4008D8ECC /* Assets.xcassets in Resources */ = {isa = PBXBuildFile; fileRef = 704B7FFB24C024A4008D8ECC /* Assets.xcassets */; };
		704B7FFF24C024A4008D8ECC /* LaunchScreen.storyboard in Resources */ = {isa = PBXBuildFile; fileRef = 704B7FFD24C024A4008D8ECC /* LaunchScreen.storyboard */; };
		704B800A24C02690008D8ECC /* PopOverVC.swift in Sources */ = {isa = PBXBuildFile; fileRef = 704B800924C02690008D8ECC /* PopOverVC.swift */; };
		704B800D24C18742008D8ECC /* item.xcdatamodeld in Sources */ = {isa = PBXBuildFile; fileRef = 704B800B24C18742008D8ECC /* item.xcdatamodeld */; };
		704B800F24C1878E008D8ECC /* CoreDataManager.swift in Sources */ = {isa = PBXBuildFile; fileRef = 704B800E24C1878E008D8ECC /* CoreDataManager.swift */; };
/* End PBXBuildFile section */

/* Begin PBXFileReference section */
		704B7FEF24C024A3008D8ECC /* ItemRegisterWithCoreData.app */ = {isa = PBXFileReference; explicitFileType = wrapper.application; includeInIndex = 0; path = ItemRegisterWithCoreData.app; sourceTree = BUILT_PRODUCTS_DIR; };
		704B7FF224C024A3008D8ECC /* AppDelegate.swift */ = {isa = PBXFileReference; lastKnownFileType = sourcecode.swift; path = AppDelegate.swift; sourceTree = "<group>"; };
		704B7FF424C024A3008D8ECC /* SceneDelegate.swift */ = {isa = PBXFileReference; lastKnownFileType = sourcecode.swift; path = SceneDelegate.swift; sourceTree = "<group>"; };
		704B7FF624C024A3008D8ECC /* ViewController.swift */ = {isa = PBXFileReference; lastKnownFileType = sourcecode.swift; path = ViewController.swift; sourceTree = "<group>"; };
		704B7FF924C024A3008D8ECC /* Base */ = {isa = PBXFileReference; lastKnownFileType = file.storyboard; name = Base; path = Base.lproj/Main.storyboard; sourceTree = "<group>"; };
		704B7FFB24C024A4008D8ECC /* Assets.xcassets */ = {isa = PBXFileReference; lastKnownFileType = folder.assetcatalog; path = Assets.xcassets; sourceTree = "<group>"; };
		704B7FFE24C024A4008D8ECC /* Base */ = {isa = PBXFileReference; lastKnownFileType = file.storyboard; name = Base; path = Base.lproj/LaunchScreen.storyboard; sourceTree = "<group>"; };
		704B800024C024A4008D8ECC /* Info.plist */ = {isa = PBXFileReference; lastKnownFileType = text.plist.xml; path = Info.plist; sourceTree = "<group>"; };
		704B800924C02690008D8ECC /* PopOverVC.swift */ = {isa = PBXFileReference; lastKnownFileType = sourcecode.swift; path = PopOverVC.swift; sourceTree = "<group>"; };
		704B800C24C18742008D8ECC /* item.xcdatamodel */ = {isa = PBXFileReference; lastKnownFileType = wrapper.xcdatamodel; path = item.xcdatamodel; sourceTree = "<group>"; };
		704B800E24C1878E008D8ECC /* CoreDataManager.swift */ = {isa = PBXFileReference; lastKnownFileType = sourcecode.swift; path = CoreDataManager.swift; sourceTree = "<group>"; };
/* End PBXFileReference section */

/* Begin PBXFrameworksBuildPhase section */
		704B7FEC24C024A3008D8ECC /* Frameworks */ = {
			isa = PBXFrameworksBuildPhase;
			buildActionMask = 2147483647;
			files = (
			);
			runOnlyForDeploymentPostprocessing = 0;
		};
/* End PBXFrameworksBuildPhase section */

/* Begin PBXGroup section */
		704B7FE624C024A3008D8ECC = {
			isa = PBXGroup;
			children = (
				704B7FF124C024A3008D8ECC /* ItemRegisterWithCoreData */,
				704B7FF024C024A3008D8ECC /* Products */,
			);
			sourceTree = "<group>";
		};
		704B7FF024C024A3008D8ECC /* Products */ = {
			isa = PBXGroup;
			children = (
				704B7FEF24C024A3008D8ECC /* ItemRegisterWithCoreData.app */,
			);
			name = Products;
			sourceTree = "<group>";
		};
		704B7FF124C024A3008D8ECC /* ItemRegisterWithCoreData */ = {
			isa = PBXGroup;
			children = (
				704B800824C024DF008D8ECC /* Model */,
				704B800724C024D4008D8ECC /* Controller */,
				704B800624C024B5008D8ECC /* View */,
				704B800024C024A4008D8ECC /* Info.plist */,
			);
			path = ItemRegisterWithCoreData;
			sourceTree = "<group>";
		};
		704B800624C024B5008D8ECC /* View */ = {
			isa = PBXGroup;
			children = (
				704B7FF824C024A3008D8ECC /* Main.storyboard */,
				704B7FFB24C024A4008D8ECC /* Assets.xcassets */,
				704B7FFD24C024A4008D8ECC /* LaunchScreen.storyboard */,
			);
			path = View;
			sourceTree = "<group>";
		};
		704B800724C024D4008D8ECC /* Controller */ = {
			isa = PBXGroup;
			children = (
				704B7FF224C024A3008D8ECC /* AppDelegate.swift */,
				704B7FF424C024A3008D8ECC /* SceneDelegate.swift */,
				704B7FF624C024A3008D8ECC /* ViewController.swift */,
				704B800924C02690008D8ECC /* PopOverVC.swift */,
			);
			path = Controller;
			sourceTree = "<group>";
		};
		704B800824C024DF008D8ECC /* Model */ = {
			isa = PBXGroup;
			children = (
				704B800B24C18742008D8ECC /* item.xcdatamodeld */,
				704B800E24C1878E008D8ECC /* CoreDataManager.swift */,
			);
			path = Model;
			sourceTree = "<group>";
		};
/* End PBXGroup section */

/* Begin PBXNativeTarget section */
		704B7FEE24C024A3008D8ECC /* ItemRegisterWithCoreData */ = {
			isa = PBXNativeTarget;
			buildConfigurationList = 704B800324C024A4008D8ECC /* Build configuration list for PBXNativeTarget "ItemRegisterWithCoreData" */;
			buildPhases = (
				704B7FEB24C024A3008D8ECC /* Sources */,
				704B7FEC24C024A3008D8ECC /* Frameworks */,
				704B7FED24C024A3008D8ECC /* Resources */,
			);
			buildRules = (
			);
			dependencies = (
			);
			name = ItemRegisterWithCoreData;
			productName = ItemRegisterWithCoreData;
			productReference = 704B7FEF24C024A3008D8ECC /* ItemRegisterWithCoreData.app */;
			productType = "com.apple.product-type.application";
		};
/* End PBXNativeTarget section */

/* Begin PBXProject section */
		704B7FE724C024A3008D8ECC /* Project object */ = {
			isa = PBXProject;
			attributes = {
				LastSwiftUpdateCheck = 1150;
				LastUpgradeCheck = 1150;
				ORGANIZATIONNAME = "Ignacio Arias";
				TargetAttributes = {
					704B7FEE24C024A3008D8ECC = {
						CreatedOnToolsVersion = 11.5;
					};
				};
			};
			buildConfigurationList = 704B7FEA24C024A3008D8ECC /* Build configuration list for PBXProject "ItemRegisterWithCoreData" */;
			compatibilityVersion = "Xcode 9.3";
			developmentRegion = en;
			hasScannedForEncodings = 0;
			knownRegions = (
				en,
				Base,
			);
			mainGroup = 704B7FE624C024A3008D8ECC;
			productRefGroup = 704B7FF024C024A3008D8ECC /* Products */;
			projectDirPath = "";
			projectRoot = "";
			targets = (
				704B7FEE24C024A3008D8ECC /* ItemRegisterWithCoreData */,
			);
		};
/* End PBXProject section */

/* Begin PBXResourcesBuildPhase section */
		704B7FED24C024A3008D8ECC /* Resources */ = {
			isa = PBXResourcesBuildPhase;
			buildActionMask = 2147483647;
			files = (
				704B7FFF24C024A4008D8ECC /* LaunchScreen.storyboard in Resources */,
				704B7FFC24C024A4008D8ECC /* Assets.xcassets in Resources */,
				704B7FFA24C024A3008D8ECC /* Main.storyboard in Resources */,
			);
			runOnlyForDeploymentPostprocessing = 0;
		};
/* End PBXResourcesBuildPhase section */

/* Begin PBXSourcesBuildPhase section */
		704B7FEB24C024A3008D8ECC /* Sources */ = {
			isa = PBXSourcesBuildPhase;
			buildActionMask = 2147483647;
			files = (
				704B800F24C1878E008D8ECC /* CoreDataManager.swift in Sources */,
				704B7FF724C024A3008D8ECC /* ViewController.swift in Sources */,
				704B7FF324C024A3008D8ECC /* AppDelegate.swift in Sources */,
				704B800D24C18742008D8ECC /* item.xcdatamodeld in Sources */,
				704B800A24C02690008D8ECC /* PopOverVC.swift in Sources */,
				704B7FF524C024A3008D8ECC /* SceneDelegate.swift in Sources */,
			);
			runOnlyForDeploymentPostprocessing = 0;
		};
/* End PBXSourcesBuildPhase section */

/* Begin PBXVariantGroup section */
		704B7FF824C024A3008D8ECC /* Main.storyboard */ = {
			isa = PBXVariantGroup;
			children = (
				704B7FF924C024A3008D8ECC /* Base */,
			);
			name = Main.storyboard;
			sourceTree = "<group>";
		};
		704B7FFD24C024A4008D8ECC /* LaunchScreen.storyboard */ = {
			isa = PBXVariantGroup;
			children = (
				704B7FFE24C024A4008D8ECC /* Base */,
			);
			name = LaunchScreen.storyboard;
			sourceTree = "<group>";
		};
/* End PBXVariantGroup section */

/* Begin XCBuildConfiguration section */
		704B800124C024A4008D8ECC /* Debug */ = {
			isa = XCBuildConfiguration;
			buildSettings = {
				ALWAYS_SEARCH_USER_PATHS = NO;
				CLANG_ANALYZER_NONNULL = YES;
				CLANG_ANALYZER_NUMBER_OBJECT_CONVERSION = YES_AGGRESSIVE;
				CLANG_CXX_LANGUAGE_STANDARD = "gnu++14";
				CLANG_CXX_LIBRARY = "libc++";
				CLANG_ENABLE_MODULES = YES;
				CLANG_ENABLE_OBJC_ARC = YES;
				CLANG_ENABLE_OBJC_WEAK = YES;
				CLANG_WARN_BLOCK_CAPTURE_AUTORELEASING = YES;
				CLANG_WARN_BOOL_CONVERSION = YES;
				CLANG_WARN_COMMA = YES;
				CLANG_WARN_CONSTANT_CONVERSION = YES;
				CLANG_WARN_DEPRECATED_OBJC_IMPLEMENTATIONS = YES;
				CLANG_WARN_DIRECT_OBJC_ISA_USAGE = YES_ERROR;
				CLANG_WARN_DOCUMENTATION_COMMENTS = YES;
				CLANG_WARN_EMPTY_BODY = YES;
				CLANG_WARN_ENUM_CONVERSION = YES;
				CLANG_WARN_INFINITE_RECURSION = YES;
				CLANG_WARN_INT_CONVERSION = YES;
				CLANG_WARN_NON_LITERAL_NULL_CONVERSION = YES;
				CLANG_WARN_OBJC_IMPLICIT_RETAIN_SELF = YES;
				CLANG_WARN_OBJC_LITERAL_CONVERSION = YES;
				CLANG_WARN_OBJC_ROOT_CLASS = YES_ERROR;
				CLANG_WARN_RANGE_LOOP_ANALYSIS = YES;
				CLANG_WARN_STRICT_PROTOTYPES = YES;
				CLANG_WARN_SUSPICIOUS_MOVE = YES;
				CLANG_WARN_UNGUARDED_AVAILABILITY = YES_AGGRESSIVE;
				CLANG_WARN_UNREACHABLE_CODE = YES;
				CLANG_WARN__DUPLICATE_METHOD_MATCH = YES;
				COPY_PHASE_STRIP = NO;
				DEBUG_INFORMATION_FORMAT = dwarf;
				ENABLE_STRICT_OBJC_MSGSEND = YES;
				ENABLE_TESTABILITY = YES;
				GCC_C_LANGUAGE_STANDARD = gnu11;
				GCC_DYNAMIC_NO_PIC = NO;
				GCC_NO_COMMON_BLOCKS = YES;
				GCC_OPTIMIZATION_LEVEL = 0;
				GCC_PREPROCESSOR_DEFINITIONS = (
					"DEBUG=1",
					"$(inherited)",
				);
				GCC_WARN_64_TO_32_BIT_CONVERSION = YES;
				GCC_WARN_ABOUT_RETURN_TYPE = YES_ERROR;
				GCC_WARN_UNDECLARED_SELECTOR = YES;
				GCC_WARN_UNINITIALIZED_AUTOS = YES_AGGRESSIVE;
				GCC_WARN_UNUSED_FUNCTION = YES;
				GCC_WARN_UNUSED_VARIABLE = YES;
				IPHONEOS_DEPLOYMENT_TARGET = 13.5;
				MTL_ENABLE_DEBUG_INFO = INCLUDE_SOURCE;
				MTL_FAST_MATH = YES;
				ONLY_ACTIVE_ARCH = YES;
				SDKROOT = iphoneos;
				SWIFT_ACTIVE_COMPILATION_CONDITIONS = DEBUG;
				SWIFT_OPTIMIZATION_LEVEL = "-Onone";
			};
			name = Debug;
		};
		704B800224C024A4008D8ECC /* Release */ = {
			isa = XCBuildConfiguration;
			buildSettings = {
				ALWAYS_SEARCH_USER_PATHS = NO;
				CLANG_ANALYZER_NONNULL = YES;
				CLANG_ANALYZER_NUMBER_OBJECT_CONVERSION = YES_AGGRESSIVE;
				CLANG_CXX_LANGUAGE_STANDARD = "gnu++14";
				CLANG_CXX_LIBRARY = "libc++";
				CLANG_ENABLE_MODULES = YES;
				CLANG_ENABLE_OBJC_ARC = YES;
				CLANG_ENABLE_OBJC_WEAK = YES;
				CLANG_WARN_BLOCK_CAPTURE_AUTORELEASING = YES;
				CLANG_WARN_BOOL_CONVERSION = YES;
				CLANG_WARN_COMMA = YES;
				CLANG_WARN_CONSTANT_CONVERSION = YES;
				CLANG_WARN_DEPRECATED_OBJC_IMPLEMENTATIONS = YES;
				CLANG_WARN_DIRECT_OBJC_ISA_USAGE = YES_ERROR;
				CLANG_WARN_DOCUMENTATION_COMMENTS = YES;
				CLANG_WARN_EMPTY_BODY = YES;
				CLANG_WARN_ENUM_CONVERSION = YES;
				CLANG_WARN_INFINITE_RECURSION = YES;
				CLANG_WARN_INT_CONVERSION = YES;
				CLANG_WARN_NON_LITERAL_NULL_CONVERSION = YES;
				CLANG_WARN_OBJC_IMPLICIT_RETAIN_SELF = YES;
				CLANG_WARN_OBJC_LITERAL_CONVERSION = YES;
				CLANG_WARN_OBJC_ROOT_CLASS = YES_ERROR;
				CLANG_WARN_RANGE_LOOP_ANALYSIS = YES;
				CLANG_WARN_STRICT_PROTOTYPES = YES;
				CLANG_WARN_SUSPICIOUS_MOVE = YES;
				CLANG_WARN_UNGUARDED_AVAILABILITY = YES_AGGRESSIVE;
				CLANG_WARN_UNREACHABLE_CODE = YES;
				CLANG_WARN__DUPLICATE_METHOD_MATCH = YES;
				COPY_PHASE_STRIP = NO;
				DEBUG_INFORMATION_FORMAT = "dwarf-with-dsym";
				ENABLE_NS_ASSERTIONS = NO;
				ENABLE_STRICT_OBJC_MSGSEND = YES;
				GCC_C_LANGUAGE_STANDARD = gnu11;
				GCC_NO_COMMON_BLOCKS = YES;
				GCC_WARN_64_TO_32_BIT_CONVERSION = YES;
				GCC_WARN_ABOUT_RETURN_TYPE = YES_ERROR;
				GCC_WARN_UNDECLARED_SELECTOR = YES;
				GCC_WARN_UNINITIALIZED_AUTOS = YES_AGGRESSIVE;
				GCC_WARN_UNUSED_FUNCTION = YES;
				GCC_WARN_UNUSED_VARIABLE = YES;
				IPHONEOS_DEPLOYMENT_TARGET = 13.5;
				MTL_ENABLE_DEBUG_INFO = NO;
				MTL_FAST_MATH = YES;
				SDKROOT = iphoneos;
				SWIFT_COMPILATION_MODE = wholemodule;
				SWIFT_OPTIMIZATION_LEVEL = "-O";
				VALIDATE_PRODUCT = YES;
			};
			name = Release;
		};
		704B800424C024A4008D8ECC /* Debug */ = {
			isa = XCBuildConfiguration;
			buildSettings = {
				ASSETCATALOG_COMPILER_APPICON_NAME = AppIcon;
				CODE_SIGN_STYLE = Automatic;
				DEVELOPMENT_TEAM = 8N2TVY9NM7;
				INFOPLIST_FILE = ItemRegisterWithCoreData/Info.plist;
				LD_RUNPATH_SEARCH_PATHS = (
					"$(inherited)",
					"@executable_path/Frameworks",
				);
				PRODUCT_BUNDLE_IDENTIFIER = com.marlhex.ItemRegisterWithCoreData;
				PRODUCT_NAME = "$(TARGET_NAME)";
				SWIFT_VERSION = 5.0;
				TARGETED_DEVICE_FAMILY = "1,2";
			};
			name = Debug;
		};
		704B800524C024A4008D8ECC /* Release */ = {
			isa = XCBuildConfiguration;
			buildSettings = {
				ASSETCATALOG_COMPILER_APPICON_NAME = AppIcon;
				CODE_SIGN_STYLE = Automatic;
				DEVELOPMENT_TEAM = 8N2TVY9NM7;
				INFOPLIST_FILE = ItemRegisterWithCoreData/Info.plist;
				LD_RUNPATH_SEARCH_PATHS = (
					"$(inherited)",
					"@executable_path/Frameworks",
				);
				PRODUCT_BUNDLE_IDENTIFIER = com.marlhex.ItemRegisterWithCoreData;
				PRODUCT_NAME = "$(TARGET_NAME)";
				SWIFT_VERSION = 5.0;
				TARGETED_DEVICE_FAMILY = "1,2";
			};
			name = Release;
		};
/* End XCBuildConfiguration section */

/* Begin XCConfigurationList section */
		704B7FEA24C024A3008D8ECC /* Build configuration list for PBXProject "ItemRegisterWithCoreData" */ = {
			isa = XCConfigurationList;
			buildConfigurations = (
				704B800124C024A4008D8ECC /* Debug */,
				704B800224C024A4008D8ECC /* Release */,
			);
			defaultConfigurationIsVisible = 0;
			defaultConfigurationName = Release;
		};
		704B800324C024A4008D8ECC /* Build configuration list for PBXNativeTarget "ItemRegisterWithCoreData" */ = {
			isa = XCConfigurationList;
			buildConfigurations = (
				704B800424C024A4008D8ECC /* Debug */,
				704B800524C024A4008D8ECC /* Release */,
			);
			defaultConfigurationIsVisible = 0;
			defaultConfigurationName = Release;
		};
/* End XCConfigurationList section */

/* Begin XCVersionGroup section */
		704B800B24C18742008D8ECC /* item.xcdatamodeld */ = {
			isa = XCVersionGroup;
			children = (
				704B800C24C18742008D8ECC /* item.xcdatamodel */,
			);
			currentVersion = 704B800C24C18742008D8ECC /* item.xcdatamodel */;
			path = item.xcdatamodeld;
			sourceTree = "<group>";
			versionGroupType = wrapper.xcdatamodel;
		};
/* End XCVersionGroup section */
	};
	rootObject = 704B7FE724C024A3008D8ECC /* Project object */;
}
